// !$*UTF8*$!
{
	archiveVersion = 1;
	classes = {
	};
	objectVersion = 46;
	objects = {

/* Begin PBXBuildFile section */
		22D2B85E1C74E2390059554D /* TGSpreadsheetWriter.m in Sources */ = {isa = PBXBuildFile; fileRef = 22D2B85C1C74E2390059554D /* TGSpreadsheetWriter.m */; };
		22D2B8621C74E2400059554D /* EWAppDelegate.m in Sources */ = {isa = PBXBuildFile; fileRef = 22D2B8611C74E2400059554D /* EWAppDelegate.m */; };
		22D2B8671C74E24A0059554D /* spreadsheet.icns in Resources */ = {isa = PBXBuildFile; fileRef = 22D2B8631C74E24A0059554D /* spreadsheet.icns */; };
		22D2B8681C74E24A0059554D /* spreadsheet.png in Resources */ = {isa = PBXBuildFile; fileRef = 22D2B8641C74E24A0059554D /* spreadsheet.png */; };
		22D2B8691C74E24A0059554D /* Template.ods in Resources */ = {isa = PBXBuildFile; fileRef = 22D2B8651C74E24A0059554D /* Template.ods */; };
		22D2B86A1C74E24A0059554D /* Template.xlsx in Resources */ = {isa = PBXBuildFile; fileRef = 22D2B8661C74E24A0059554D /* Template.xlsx */; };
		22D2B8711C74E25D0059554D /* Credits.rtf in Resources */ = {isa = PBXBuildFile; fileRef = 22D2B86B1C74E25D0059554D /* Credits.rtf */; };
		22D2B8731C74E25D0059554D /* MainMenu.xib in Resources */ = {isa = PBXBuildFile; fileRef = 22D2B86F1C74E25D0059554D /* MainMenu.xib */; };
		22D2B8771C74E26A0059554D /* main.m in Sources */ = {isa = PBXBuildFile; fileRef = 22D2B8741C74E26A0059554D /* main.m */; };
		22D2B8791C74E2BA0059554D /* ZipArchive.framework in Frameworks */ = {isa = PBXBuildFile; fileRef = 22D2B85D1C74E2390059554D /* ZipArchive.framework */; };
		22D2B87A1C74E2BA0059554D /* ZipArchive.framework in Embed Frameworks */ = {isa = PBXBuildFile; fileRef = 22D2B85D1C74E2390059554D /* ZipArchive.framework */; settings = {ATTRIBUTES = (CodeSignOnCopy, RemoveHeadersOnCopy, ); }; };
		E2CED41F161430ED00E593F7 /* Cocoa.framework in Frameworks */ = {isa = PBXBuildFile; fileRef = E2CED41E161430ED00E593F7 /* Cocoa.framework */; };
/* End PBXBuildFile section */

/* Begin PBXCopyFilesBuildPhase section */
		22BC81D01C74CF5E00B55166 /* Embed Frameworks */ = {
			isa = PBXCopyFilesBuildPhase;
			buildActionMask = 2147483647;
			dstPath = "";
			dstSubfolderSpec = 10;
			files = (
				22D2B87A1C74E2BA0059554D /* ZipArchive.framework in Embed Frameworks */,
			);
			name = "Embed Frameworks";
			runOnlyForDeploymentPostprocessing = 0;
		};
/* End PBXCopyFilesBuildPhase section */

/* Begin PBXFileReference section */
		22D2B85B1C74E2390059554D /* TGSpreadsheetWriter.h */ = {isa = PBXFileReference; fileEncoding = 4; lastKnownFileType = sourcecode.c.h; path = TGSpreadsheetWriter.h; sourceTree = "<group>"; };
		22D2B85C1C74E2390059554D /* TGSpreadsheetWriter.m */ = {isa = PBXFileReference; fileEncoding = 4; lastKnownFileType = sourcecode.c.objc; path = TGSpreadsheetWriter.m; sourceTree = "<group>"; };
		22D2B85D1C74E2390059554D /* ZipArchive.framework */ = {isa = PBXFileReference; lastKnownFileType = wrapper.framework; path = ZipArchive.framework; sourceTree = "<group>"; };
		22D2B8601C74E2400059554D /* EWAppDelegate.h */ = {isa = PBXFileReference; fileEncoding = 4; lastKnownFileType = sourcecode.c.h; name = EWAppDelegate.h; path = TGSpreadsheetWriterExample/EWAppDelegate.h; sourceTree = SOURCE_ROOT; };
		22D2B8611C74E2400059554D /* EWAppDelegate.m */ = {isa = PBXFileReference; fileEncoding = 4; lastKnownFileType = sourcecode.c.objc; name = EWAppDelegate.m; path = TGSpreadsheetWriterExample/EWAppDelegate.m; sourceTree = SOURCE_ROOT; };
		22D2B8631C74E24A0059554D /* spreadsheet.icns */ = {isa = PBXFileReference; lastKnownFileType = image.icns; name = spreadsheet.icns; path = TGSpreadsheetWriterExample/spreadsheet.icns; sourceTree = SOURCE_ROOT; };
		22D2B8641C74E24A0059554D /* spreadsheet.png */ = {isa = PBXFileReference; lastKnownFileType = image.png; name = spreadsheet.png; path = TGSpreadsheetWriterExample/spreadsheet.png; sourceTree = SOURCE_ROOT; };
		22D2B8651C74E24A0059554D /* Template.ods */ = {isa = PBXFileReference; lastKnownFileType = file; name = Template.ods; path = TGSpreadsheetWriterExample/Template.ods; sourceTree = SOURCE_ROOT; };
		22D2B8661C74E24A0059554D /* Template.xlsx */ = {isa = PBXFileReference; lastKnownFileType = file; name = Template.xlsx; path = TGSpreadsheetWriterExample/Template.xlsx; sourceTree = SOURCE_ROOT; };
		22D2B86C1C74E25D0059554D /* en */ = {isa = PBXFileReference; lastKnownFileType = text.rtf; name = en; path = TGSpreadsheetWriterExample/en.lproj/Credits.rtf; sourceTree = SOURCE_ROOT; };
		22D2B8701C74E25D0059554D /* en */ = {isa = PBXFileReference; lastKnownFileType = file.xib; name = en; path = TGSpreadsheetWriterExample/en.lproj/MainMenu.xib; sourceTree = SOURCE_ROOT; };
		22D2B8741C74E26A0059554D /* main.m */ = {isa = PBXFileReference; fileEncoding = 4; lastKnownFileType = sourcecode.c.objc; name = main.m; path = TGSpreadsheetWriterExample/main.m; sourceTree = SOURCE_ROOT; };
		22D2B8751C74E26A0059554D /* SpreadsheetWriterExample-Info.plist */ = {isa = PBXFileReference; fileEncoding = 4; lastKnownFileType = text.plist.xml; name = "SpreadsheetWriterExample-Info.plist"; path = "TGSpreadsheetWriterExample/SpreadsheetWriterExample-Info.plist"; sourceTree = SOURCE_ROOT; };
		22D2B8761C74E26A0059554D /* SpreadsheetWriterExample-Prefix.pch */ = {isa = PBXFileReference; fileEncoding = 4; lastKnownFileType = sourcecode.c.h; name = "SpreadsheetWriterExample-Prefix.pch"; path = "TGSpreadsheetWriterExample/SpreadsheetWriterExample-Prefix.pch"; sourceTree = SOURCE_ROOT; };
		E2CED41A161430ED00E593F7 /* SpreadsheetWriterExample.app */ = {isa = PBXFileReference; explicitFileType = wrapper.application; includeInIndex = 0; path = SpreadsheetWriterExample.app; sourceTree = BUILT_PRODUCTS_DIR; };
		E2CED41E161430ED00E593F7 /* Cocoa.framework */ = {isa = PBXFileReference; lastKnownFileType = wrapper.framework; name = Cocoa.framework; path = System/Library/Frameworks/Cocoa.framework; sourceTree = SDKROOT; };
		E2CED421161430ED00E593F7 /* AppKit.framework */ = {isa = PBXFileReference; lastKnownFileType = wrapper.framework; name = AppKit.framework; path = System/Library/Frameworks/AppKit.framework; sourceTree = SDKROOT; };
		E2CED422161430ED00E593F7 /* CoreData.framework */ = {isa = PBXFileReference; lastKnownFileType = wrapper.framework; name = CoreData.framework; path = System/Library/Frameworks/CoreData.framework; sourceTree = SDKROOT; };
		E2CED423161430ED00E593F7 /* Foundation.framework */ = {isa = PBXFileReference; lastKnownFileType = wrapper.framework; name = Foundation.framework; path = System/Library/Frameworks/Foundation.framework; sourceTree = SDKROOT; };
/* End PBXFileReference section */

/* Begin PBXFrameworksBuildPhase section */
		E2CED417161430ED00E593F7 /* Frameworks */ = {
			isa = PBXFrameworksBuildPhase;
			buildActionMask = 2147483647;
			files = (
				E2CED41F161430ED00E593F7 /* Cocoa.framework in Frameworks */,
				22D2B8791C74E2BA0059554D /* ZipArchive.framework in Frameworks */,
			);
			runOnlyForDeploymentPostprocessing = 0;
		};
/* End PBXFrameworksBuildPhase section */

/* Begin PBXGroup section */
		22D2B85A1C74E2390059554D /* TGSpreadsheetWriter */ = {
			isa = PBXGroup;
			children = (
				22D2B85B1C74E2390059554D /* TGSpreadsheetWriter.h */,
				22D2B85C1C74E2390059554D /* TGSpreadsheetWriter.m */,
				22D2B85D1C74E2390059554D /* ZipArchive.framework */,
			);
			path = TGSpreadsheetWriter;
			sourceTree = "<group>";
		};
		E2A7F27C161527A0006D8A4A /* Resources */ = {
			isa = PBXGroup;
			children = (
				22D2B8631C74E24A0059554D /* spreadsheet.icns */,
				22D2B8641C74E24A0059554D /* spreadsheet.png */,
				22D2B8651C74E24A0059554D /* Template.ods */,
				22D2B8661C74E24A0059554D /* Template.xlsx */,
			);
			name = Resources;
			sourceTree = "<group>";
		};
		E2CED40F161430ED00E593F7 = {
			isa = PBXGroup;
			children = (
				E2CED424161430ED00E593F7 /* TGSpreadsheetWriterExample */,
				22D2B85A1C74E2390059554D /* TGSpreadsheetWriter */,
				E2CED41D161430ED00E593F7 /* Frameworks */,
				E2CED41B161430ED00E593F7 /* Products */,
			);
			sourceTree = "<group>";
		};
		E2CED41B161430ED00E593F7 /* Products */ = {
			isa = PBXGroup;
			children = (
				E2CED41A161430ED00E593F7 /* SpreadsheetWriterExample.app */,
			);
			name = Products;
			sourceTree = "<group>";
		};
		E2CED41D161430ED00E593F7 /* Frameworks */ = {
			isa = PBXGroup;
			children = (
				E2CED41E161430ED00E593F7 /* Cocoa.framework */,
				E2CED420161430ED00E593F7 /* Other Frameworks */,
			);
			name = Frameworks;
			sourceTree = "<group>";
		};
		E2CED420161430ED00E593F7 /* Other Frameworks */ = {
			isa = PBXGroup;
			children = (
				E2CED421161430ED00E593F7 /* AppKit.framework */,
				E2CED422161430ED00E593F7 /* CoreData.framework */,
				E2CED423161430ED00E593F7 /* Foundation.framework */,
			);
			name = "Other Frameworks";
			sourceTree = "<group>";
		};
		E2CED424161430ED00E593F7 /* TGSpreadsheetWriterExample */ = {
			isa = PBXGroup;
			children = (
				22D2B8601C74E2400059554D /* EWAppDelegate.h */,
				22D2B8611C74E2400059554D /* EWAppDelegate.m */,
				E2A7F27C161527A0006D8A4A /* Resources */,
				E2CED425161430ED00E593F7 /* Supporting Files */,
			);
			name = TGSpreadsheetWriterExample;
			path = ExcelWriter;
			sourceTree = "<group>";
		};
		E2CED425161430ED00E593F7 /* Supporting Files */ = {
			isa = PBXGroup;
			children = (
				22D2B8741C74E26A0059554D /* main.m */,
				22D2B8751C74E26A0059554D /* SpreadsheetWriterExample-Info.plist */,
				22D2B8761C74E26A0059554D /* SpreadsheetWriterExample-Prefix.pch */,
				22D2B86B1C74E25D0059554D /* Credits.rtf */,
				22D2B86F1C74E25D0059554D /* MainMenu.xib */,
			);
			name = "Supporting Files";
			sourceTree = "<group>";
		};
/* End PBXGroup section */

/* Begin PBXNativeTarget section */
		E2CED419161430ED00E593F7 /* TGSpreadsheetWriterExample */ = {
			isa = PBXNativeTarget;
			buildConfigurationList = E2CED438161430ED00E593F7 /* Build configuration list for PBXNativeTarget "TGSpreadsheetWriterExample" */;
			buildPhases = (
				E2CED416161430ED00E593F7 /* Sources */,
				E2CED417161430ED00E593F7 /* Frameworks */,
				E2CED418161430ED00E593F7 /* Resources */,
				22BC81D01C74CF5E00B55166 /* Embed Frameworks */,
			);
			buildRules = (
			);
			dependencies = (
			);
			name = TGSpreadsheetWriterExample;
			productName = ExcelWriter;
			productReference = E2CED41A161430ED00E593F7 /* SpreadsheetWriterExample.app */;
			productType = "com.apple.product-type.application";
		};
/* End PBXNativeTarget section */

/* Begin PBXProject section */
		E2CED411161430ED00E593F7 /* Project object */ = {
			isa = PBXProject;
			attributes = {
				CLASSPREFIX = EW;
				LastUpgradeCheck = 0720;
				ORGANIZATIONNAME = "Tom Grill";
			};
			buildConfigurationList = E2CED414161430ED00E593F7 /* Build configuration list for PBXProject "TGSpreadsheetWriterExample" */;
			compatibilityVersion = "Xcode 3.2";
			developmentRegion = English;
			hasScannedForEncodings = 0;
			knownRegions = (
				en,
			);
			mainGroup = E2CED40F161430ED00E593F7;
			productRefGroup = E2CED41B161430ED00E593F7 /* Products */;
			projectDirPath = "";
			projectRoot = "";
			targets = (
				E2CED419161430ED00E593F7 /* TGSpreadsheetWriterExample */,
			);
		};
/* End PBXProject section */

/* Begin PBXResourcesBuildPhase section */
		E2CED418161430ED00E593F7 /* Resources */ = {
			isa = PBXResourcesBuildPhase;
			buildActionMask = 2147483647;
			files = (
				22D2B8711C74E25D0059554D /* Credits.rtf in Resources */,
				22D2B8671C74E24A0059554D /* spreadsheet.icns in Resources */,
				22D2B8681C74E24A0059554D /* spreadsheet.png in Resources */,
				22D2B8691C74E24A0059554D /* Template.ods in Resources */,
				22D2B8731C74E25D0059554D /* MainMenu.xib in Resources */,
				22D2B86A1C74E24A0059554D /* Template.xlsx in Resources */,
			);
			runOnlyForDeploymentPostprocessing = 0;
		};
/* End PBXResourcesBuildPhase section */

/* Begin PBXSourcesBuildPhase section */
		E2CED416161430ED00E593F7 /* Sources */ = {
			isa = PBXSourcesBuildPhase;
			buildActionMask = 2147483647;
			files = (
				22D2B85E1C74E2390059554D /* TGSpreadsheetWriter.m in Sources */,
				22D2B8771C74E26A0059554D /* main.m in Sources */,
				22D2B8621C74E2400059554D /* EWAppDelegate.m in Sources */,
			);
			runOnlyForDeploymentPostprocessing = 0;
		};
/* End PBXSourcesBuildPhase section */

/* Begin PBXVariantGroup section */
		22D2B86B1C74E25D0059554D /* Credits.rtf */ = {
			isa = PBXVariantGroup;
			children = (
				22D2B86C1C74E25D0059554D /* en */,
			);
			name = Credits.rtf;
			sourceTree = "<group>";
		};
		22D2B86F1C74E25D0059554D /* MainMenu.xib */ = {
			isa = PBXVariantGroup;
			children = (
				22D2B8701C74E25D0059554D /* en */,
			);
			name = MainMenu.xib;
			sourceTree = "<group>";
		};
/* End PBXVariantGroup section */

/* Begin XCBuildConfiguration section */
		E2CED436161430ED00E593F7 /* Debug */ = {
			isa = XCBuildConfiguration;
			buildSettings = {
				ALWAYS_SEARCH_USER_PATHS = NO;
				CLANG_CXX_LANGUAGE_STANDARD = "gnu++0x";
				CLANG_ENABLE_OBJC_ARC = YES;
				CLANG_WARN__DUPLICATE_METHOD_MATCH = YES;
				COPY_PHASE_STRIP = NO;
				ENABLE_TESTABILITY = YES;
				GCC_C_LANGUAGE_STANDARD = gnu99;
				GCC_DYNAMIC_NO_PIC = NO;
				GCC_ENABLE_OBJC_EXCEPTIONS = YES;
				GCC_OPTIMIZATION_LEVEL = 0;
				GCC_PREPROCESSOR_DEFINITIONS = (
					"DEBUG=1",
					"$(inherited)",
				);
				GCC_SYMBOLS_PRIVATE_EXTERN = NO;
				GCC_WARN_64_TO_32_BIT_CONVERSION = YES;
				GCC_WARN_ABOUT_RETURN_TYPE = YES;
				GCC_WARN_UNINITIALIZED_AUTOS = YES;
				GCC_WARN_UNUSED_VARIABLE = YES;
				MACOSX_DEPLOYMENT_TARGET = 10.7;
				ONLY_ACTIVE_ARCH = YES;
				SDKROOT = macosx;
			};
			name = Debug;
		};
		E2CED437161430ED00E593F7 /* Release */ = {
			isa = XCBuildConfiguration;
			buildSettings = {
				ALWAYS_SEARCH_USER_PATHS = NO;
				CLANG_CXX_LANGUAGE_STANDARD = "gnu++0x";
				CLANG_ENABLE_OBJC_ARC = YES;
				CLANG_WARN__DUPLICATE_METHOD_MATCH = YES;
				COPY_PHASE_STRIP = YES;
				DEBUG_INFORMATION_FORMAT = "dwarf-with-dsym";
				GCC_C_LANGUAGE_STANDARD = gnu99;
				GCC_ENABLE_OBJC_EXCEPTIONS = YES;
				GCC_WARN_64_TO_32_BIT_CONVERSION = YES;
				GCC_WARN_ABOUT_RETURN_TYPE = YES;
				GCC_WARN_UNINITIALIZED_AUTOS = YES;
				GCC_WARN_UNUSED_VARIABLE = YES;
				MACOSX_DEPLOYMENT_TARGET = 10.7;
				SDKROOT = macosx;
			};
			name = Release;
		};
		E2CED439161430ED00E593F7 /* Debug */ = {
			isa = XCBuildConfiguration;
			buildSettings = {
				CLANG_ENABLE_OBJC_ARC = NO;
				COMBINE_HIDPI_IMAGES = YES;
				FRAMEWORK_SEARCH_PATHS = (
					"$(inherited)",
					"$(PROJECT_DIR)/TGSpreadsheetWriter",
				);
				GCC_PRECOMPILE_PREFIX_HEADER = YES;
				GCC_PREFIX_HEADER = "TGSpreadsheetWriterExample/SpreadsheetWriterExample-Prefix.pch";
				INFOPLIST_FILE = "$(SRCROOT)/TGSpreadsheetWriterExample/SpreadsheetWriterExample-Info.plist";
				LD_RUNPATH_SEARCH_PATHS = "$(inherited) @executable_path/../Frameworks";
				PRODUCT_BUNDLE_IDENTIFIER = "info.tomg.SpreadsheetWriter${PRODUCT_NAME:rfc1034identifier}";
				PRODUCT_NAME = SpreadsheetWriterExample;
				WRAPPER_EXTENSION = app;
			};
			name = Debug;
		};
		E2CED43A161430ED00E593F7 /* Release */ = {
			isa = XCBuildConfiguration;
			buildSettings = {
				CLANG_ENABLE_OBJC_ARC = NO;
				COMBINE_HIDPI_IMAGES = YES;
				FRAMEWORK_SEARCH_PATHS = (
					"$(inherited)",
					"$(PROJECT_DIR)/TGSpreadsheetWriter",
				);
				GCC_PRECOMPILE_PREFIX_HEADER = YES;
				GCC_PREFIX_HEADER = "TGSpreadsheetWriterExample/SpreadsheetWriterExample-Prefix.pch";
				INFOPLIST_FILE = "$(SRCROOT)/TGSpreadsheetWriterExample/SpreadsheetWriterExample-Info.plist";
				LD_RUNPATH_SEARCH_PATHS = "$(inherited) @executable_path/../Frameworks";
				PRODUCT_BUNDLE_IDENTIFIER = "info.tomg.SpreadsheetWriter${PRODUCT_NAME:rfc1034identifier}";
				PRODUCT_NAME = SpreadsheetWriterExample;
				WRAPPER_EXTENSION = app;
			};
			name = Release;
		};
/* End XCBuildConfiguration section */

/* Begin XCConfigurationList section */
		E2CED414161430ED00E593F7 /* Build configuration list for PBXProject "TGSpreadsheetWriterExample" */ = {
			isa = XCConfigurationList;
			buildConfigurations = (
				E2CED436161430ED00E593F7 /* Debug */,
				E2CED437161430ED00E593F7 /* Release */,
			);
			defaultConfigurationIsVisible = 0;
			defaultConfigurationName = Release;
		};
		E2CED438161430ED00E593F7 /* Build configuration list for PBXNativeTarget "TGSpreadsheetWriterExample" */ = {
			isa = XCConfigurationList;
			buildConfigurations = (
				E2CED439161430ED00E593F7 /* Debug */,
				E2CED43A161430ED00E593F7 /* Release */,
			);
			defaultConfigurationIsVisible = 0;
			defaultConfigurationName = Release;
		};
/* End XCConfigurationList section */
	};
	rootObject = E2CED411161430ED00E593F7 /* Project object */;
}
